# This file is automatically @generated by Cargo.
# It is not intended for manual editing.
version = 4

[[package]]
name = "auth_services"
version = "0.1.0"

[[package]]
name = "post_services"
version = "0.1.0"

[[package]]
name = "rabbitmq_libs"
version = "0.1.0"

[[package]]
name = "rabbitmq_services"
version = "0.1.0"

[[package]]
name = "redis_services"
version = "0.1.0"
